
Microsoft Visual Studio Solution File, Format Version 12.00
# Visual Studio Version 16
VisualStudioVersion = 16.0.30621.155
MinimumVisualStudioVersion = 10.0.40219.1
Project("{9A19103F-16F7-4668-BE54-9A1E7A4F7556}") = "PG.Data", "PG.Data\PG.Data.csproj", "{F7DBAF33-2969-42DA-8DB0-FA3F5BA3A91D}"
EndProject
Project("{9A19103F-16F7-4668-BE54-9A1E7A4F7556}") = "PG.Models", "PG.Models\PG.Models.csproj", "{2FE7F95A-542C-4874-B258-AB31D19A2993}"
EndProject
Project("{9A19103F-16F7-4668-BE54-9A1E7A4F7556}") = "PG.Services", "PG.Services\PG.Services.csproj", "{FEE017D9-1849-43BB-BF66-1BC5FF074017}"
EndProject
Project("{FAE04EC0-301F-11D3-BF4B-00C04F79EFBC}") = "PG.Web", "PG.Web\PG.Web.csproj", "{9AE35829-69AC-4145-8C48-BD7B75B2CA24}"
EndProject
Global
	GlobalSection(SolutionConfigurationPlatforms) = preSolution
		Debug|Any CPU = Debug|Any CPU
		Release|Any CPU = Release|Any CPU
	EndGlobalSection
	GlobalSection(ProjectConfigurationPlatforms) = postSolution
		{F7DBAF33-2969-42DA-8DB0-FA3F5BA3A91D}.Debug|Any CPU.ActiveCfg = Debug|Any CPU
		{F7DBAF33-2969-42DA-8DB0-FA3F5BA3A91D}.Debug|Any CPU.Build.0 = Debug|Any CPU
		{F7DBAF33-2969-42DA-8DB0-FA3F5BA3A91D}.Release|Any CPU.ActiveCfg = Release|Any CPU
		{F7DBAF33-2969-42DA-8DB0-FA3F5BA3A91D}.Release|Any CPU.Build.0 = Release|Any CPU
		{2FE7F95A-542C-4874-B258-AB31D19A2993}.Debug|Any CPU.ActiveCfg = Debug|Any CPU
		{2FE7F95A-542C-4874-B258-AB31D19A2993}.Debug|Any CPU.Build.0 = Debug|Any CPU
		{2FE7F95A-542C-4874-B258-AB31D19A2993}.Release|Any CPU.ActiveCfg = Release|Any CPU
		{2FE7F95A-542C-4874-B258-AB31D19A2993}.Release|Any CPU.Build.0 = Release|Any CPU
		{FEE017D9-1849-43BB-BF66-1BC5FF074017}.Debug|Any CPU.ActiveCfg = Debug|Any CPU
		{FEE017D9-1849-43BB-BF66-1BC5FF074017}.Debug|Any CPU.Build.0 = Debug|Any CPU
		{FEE017D9-1849-43BB-BF66-1BC5FF074017}.Release|Any CPU.ActiveCfg = Release|Any CPU
		{FEE017D9-1849-43BB-BF66-1BC5FF074017}.Release|Any CPU.Build.0 = Release|Any CPU
		{9AE35829-69AC-4145-8C48-BD7B75B2CA24}.Debug|Any CPU.ActiveCfg = Debug|Any CPU
		{9AE35829-69AC-4145-8C48-BD7B75B2CA24}.Debug|Any CPU.Build.0 = Debug|Any CPU
		{9AE35829-69AC-4145-8C48-BD7B75B2CA24}.Release|Any CPU.ActiveCfg = Release|Any CPU
		{9AE35829-69AC-4145-8C48-BD7B75B2CA24}.Release|Any CPU.Build.0 = Release|Any CPU
	EndGlobalSection
	GlobalSection(SolutionProperties) = preSolution
		HideSolutionNode = FALSE
	EndGlobalSection
	GlobalSection(ExtensibilityGlobals) = postSolution
		SolutionGuid = {C5BDA25B-C8F5-4DCC-A254-43263031160F}
	EndGlobalSection
EndGlobal
